
Microsoft Visual Studio Solution File, Format Version 12.00
# Visual Studio 2013
VisualStudioVersion = 12.0.21005.1
MinimumVisualStudioVersion = 10.0.40219.1
Project("{FAE04EC0-301F-11D3-BF4B-00C04F79EFBC}") = "MinecraftFormatting", "McText\MinecraftFormatting.csproj", "{6009282A-B8B0-4464-8417-3D06CECD7C09}"
EndProject
Project("{FAE04EC0-301F-11D3-BF4B-00C04F79EFBC}") = "Example", "Example\Example.csproj", "{166BEEB6-3734-4F02-B3BC-C257D140FC43}"
	ProjectSection(ProjectDependencies) = postProject
		{6009282A-B8B0-4464-8417-3D06CECD7C09} = {6009282A-B8B0-4464-8417-3D06CECD7C09}
	EndProjectSection
EndProject
Global
	GlobalSection(SolutionConfigurationPlatforms) = preSolution
		Debug|Any CPU = Debug|Any CPU
		Release|Any CPU = Release|Any CPU
	EndGlobalSection
	GlobalSection(ProjectConfigurationPlatforms) = postSolution
		{6009282A-B8B0-4464-8417-3D06CECD7C09}.Debug|Any CPU.ActiveCfg = Debug|Any CPU
		{6009282A-B8B0-4464-8417-3D06CECD7C09}.Debug|Any CPU.Build.0 = Debug|Any CPU
		{6009282A-B8B0-4464-8417-3D06CECD7C09}.Release|Any CPU.ActiveCfg = Release|Any CPU
		{6009282A-B8B0-4464-8417-3D06CECD7C09}.Release|Any CPU.Build.0 = Release|Any CPU
		{166BEEB6-3734-4F02-B3BC-C257D140FC43}.Debug|Any CPU.ActiveCfg = Debug|Any CPU
		{166BEEB6-3734-4F02-B3BC-C257D140FC43}.Debug|Any CPU.Build.0 = Debug|Any CPU
		{166BEEB6-3734-4F02-B3BC-C257D140FC43}.Release|Any CPU.ActiveCfg = Release|Any CPU
		{166BEEB6-3734-4F02-B3BC-C257D140FC43}.Release|Any CPU.Build.0 = Release|Any CPU
	EndGlobalSection
	GlobalSection(SolutionProperties) = preSolution
		HideSolutionNode = FALSE
	EndGlobalSection
EndGlobal
